
Microsoft Visual Studio Solution File, Format Version 12.00
# Visual Studio Version 16
VisualStudioVersion = 16.0.29424.173
MinimumVisualStudioVersion = 10.0.40219.1
Project("{FAE04EC0-301F-11D3-BF4B-00C04F79EFBC}") = "ProjekatLabVezba2", "ProjekatLabVezba2\ProjekatLabVezba2.csproj", "{B48252D2-222B-4C32-A2F3-F21C85603FED}"
EndProject
Project("{FAE04EC0-301F-11D3-BF4B-00C04F79EFBC}") = "MinesweeperFunkcije", "MinesweeperFunkcije\MinesweeperFunkcije.csproj", "{61A0E600-E284-4D76-B9E3-B61CD7A26E7A}"
EndProject
Project("{FAE04EC0-301F-11D3-BF4B-00C04F79EFBC}") = "MojButton", "MojButton\MojButton.csproj", "{23B91315-F5CC-4C90-80D1-92F304AD2CE7}"
EndProject
Global
	GlobalSection(SolutionConfigurationPlatforms) = preSolution
		Debug|Any CPU = Debug|Any CPU
		Release|Any CPU = Release|Any CPU
	EndGlobalSection
	GlobalSection(ProjectConfigurationPlatforms) = postSolution
		{B48252D2-222B-4C32-A2F3-F21C85603FED}.Debug|Any CPU.ActiveCfg = Debug|Any CPU
		{B48252D2-222B-4C32-A2F3-F21C85603FED}.Debug|Any CPU.Build.0 = Debug|Any CPU
		{B48252D2-222B-4C32-A2F3-F21C85603FED}.Release|Any CPU.ActiveCfg = Release|Any CPU
		{B48252D2-222B-4C32-A2F3-F21C85603FED}.Release|Any CPU.Build.0 = Release|Any CPU
		{61A0E600-E284-4D76-B9E3-B61CD7A26E7A}.Debug|Any CPU.ActiveCfg = Debug|Any CPU
		{61A0E600-E284-4D76-B9E3-B61CD7A26E7A}.Debug|Any CPU.Build.0 = Debug|Any CPU
		{61A0E600-E284-4D76-B9E3-B61CD7A26E7A}.Release|Any CPU.ActiveCfg = Release|Any CPU
		{61A0E600-E284-4D76-B9E3-B61CD7A26E7A}.Release|Any CPU.Build.0 = Release|Any CPU
		{23B91315-F5CC-4C90-80D1-92F304AD2CE7}.Debug|Any CPU.ActiveCfg = Debug|Any CPU
		{23B91315-F5CC-4C90-80D1-92F304AD2CE7}.Debug|Any CPU.Build.0 = Debug|Any CPU
		{23B91315-F5CC-4C90-80D1-92F304AD2CE7}.Release|Any CPU.ActiveCfg = Release|Any CPU
		{23B91315-F5CC-4C90-80D1-92F304AD2CE7}.Release|Any CPU.Build.0 = Release|Any CPU
	EndGlobalSection
	GlobalSection(SolutionProperties) = preSolution
		HideSolutionNode = FALSE
	EndGlobalSection
	GlobalSection(ExtensibilityGlobals) = postSolution
		SolutionGuid = {56C9D76A-08DF-4692-9E24-974D4E10C52B}
	EndGlobalSection
EndGlobal
